// !$*UTF8*$!
{
	archiveVersion = 1;
	classes = {
	};
	objectVersion = 46;
	objects = {

/* Begin PBXBuildFile section */
		FA1896E6151264F1000FEA85 /* UIKit.framework in Frameworks */ = {isa = PBXBuildFile; fileRef = FA1896E5151264F1000FEA85 /* UIKit.framework */; };
		FA1896E8151264F1000FEA85 /* Foundation.framework in Frameworks */ = {isa = PBXBuildFile; fileRef = FA1896E7151264F1000FEA85 /* Foundation.framework */; };
		FA1896EA151264F1000FEA85 /* CoreGraphics.framework in Frameworks */ = {isa = PBXBuildFile; fileRef = FA1896E9151264F1000FEA85 /* CoreGraphics.framework */; };
		FA1896F0151264F1000FEA85 /* InfoPlist.strings in Resources */ = {isa = PBXBuildFile; fileRef = FA1896EE151264F1000FEA85 /* InfoPlist.strings */; };
		FA1896F2151264F1000FEA85 /* main.m in Sources */ = {isa = PBXBuildFile; fileRef = FA1896F1151264F1000FEA85 /* main.m */; };
		FA1896F6151264F1000FEA85 /* AppDelegate.m in Sources */ = {isa = PBXBuildFile; fileRef = FA1896F5151264F1000FEA85 /* AppDelegate.m */; };
		FA1896F9151264F1000FEA85 /* ViewController.m in Sources */ = {isa = PBXBuildFile; fileRef = FA1896F8151264F1000FEA85 /* ViewController.m */; };
		FA1896FC151264F1000FEA85 /* ViewController_iPhone.xib in Resources */ = {isa = PBXBuildFile; fileRef = FA1896FA151264F1000FEA85 /* ViewController_iPhone.xib */; };
		FA1896FF151264F1000FEA85 /* ViewController_iPad.xib in Resources */ = {isa = PBXBuildFile; fileRef = FA1896FD151264F1000FEA85 /* ViewController_iPad.xib */; };
		FA1897081512667D000FEA85 /* DisplayViewController.m in Sources */ = {isa = PBXBuildFile; fileRef = FA1897061512667D000FEA85 /* DisplayViewController.m */; };
		FA1897091512667D000FEA85 /* DisplayViewController.xib in Resources */ = {isa = PBXBuildFile; fileRef = FA1897071512667D000FEA85 /* DisplayViewController.xib */; };
		FA18975C1513D1D1000FEA85 /* DisplayViewForiPad.xib in Resources */ = {isa = PBXBuildFile; fileRef = FA18975B1513D1D1000FEA85 /* DisplayViewForiPad.xib */; };
		FA9100771517DFF400B424E0 /* icon.png in Resources */ = {isa = PBXBuildFile; fileRef = FA9100741517DFF400B424E0 /* icon.png */; };
		FA9100781517DFF400B424E0 /* splash.jpg in Resources */ = {isa = PBXBuildFile; fileRef = FA9100751517DFF400B424E0 /* splash.jpg */; };
		FA9100791517DFF400B424E0 /* theSecret.png in Resources */ = {isa = PBXBuildFile; fileRef = FA9100761517DFF400B424E0 /* theSecret.png */; };
		FA9100801518D42E00B424E0 /* iconForiPhone.jpg in Resources */ = {isa = PBXBuildFile; fileRef = FA91007F1518D42E00B424E0 /* iconForiPhone.jpg */; };
/* End PBXBuildFile section */

/* Begin PBXFileReference section */
		FA1896E1151264F1000FEA85 /* LocalNotificationTestApp.app */ = {isa = PBXFileReference; explicitFileType = wrapper.application; includeInIndex = 0; path = LocalNotificationTestApp.app; sourceTree = BUILT_PRODUCTS_DIR; };
		FA1896E5151264F1000FEA85 /* UIKit.framework */ = {isa = PBXFileReference; lastKnownFileType = wrapper.framework; name = UIKit.framework; path = System/Library/Frameworks/UIKit.framework; sourceTree = SDKROOT; };
		FA1896E7151264F1000FEA85 /* Foundation.framework */ = {isa = PBXFileReference; lastKnownFileType = wrapper.framework; name = Foundation.framework; path = System/Library/Frameworks/Foundation.framework; sourceTree = SDKROOT; };
		FA1896E9151264F1000FEA85 /* CoreGraphics.framework */ = {isa = PBXFileReference; lastKnownFileType = wrapper.framework; name = CoreGraphics.framework; path = System/Library/Frameworks/CoreGraphics.framework; sourceTree = SDKROOT; };
		FA1896ED151264F1000FEA85 /* LocalNotificationTestApp-Info.plist */ = {isa = PBXFileReference; lastKnownFileType = text.plist.xml; path = "LocalNotificationTestApp-Info.plist"; sourceTree = "<group>"; };
		FA1896EF151264F1000FEA85 /* en */ = {isa = PBXFileReference; lastKnownFileType = text.plist.strings; name = en; path = en.lproj/InfoPlist.strings; sourceTree = "<group>"; };
		FA1896F1151264F1000FEA85 /* main.m */ = {isa = PBXFileReference; lastKnownFileType = sourcecode.c.objc; path = main.m; sourceTree = "<group>"; };
		FA1896F3151264F1000FEA85 /* LocalNotificationTestApp-Prefix.pch */ = {isa = PBXFileReference; lastKnownFileType = sourcecode.c.h; path = "LocalNotificationTestApp-Prefix.pch"; sourceTree = "<group>"; };
		FA1896F4151264F1000FEA85 /* AppDelegate.h */ = {isa = PBXFileReference; lastKnownFileType = sourcecode.c.h; path = AppDelegate.h; sourceTree = "<group>"; };
		FA1896F5151264F1000FEA85 /* AppDelegate.m */ = {isa = PBXFileReference; lastKnownFileType = sourcecode.c.objc; path = AppDelegate.m; sourceTree = "<group>"; };
		FA1896F7151264F1000FEA85 /* ViewController.h */ = {isa = PBXFileReference; lastKnownFileType = sourcecode.c.h; path = ViewController.h; sourceTree = "<group>"; };
		FA1896F8151264F1000FEA85 /* ViewController.m */ = {isa = PBXFileReference; lastKnownFileType = sourcecode.c.objc; path = ViewController.m; sourceTree = "<group>"; };
		FA1896FB151264F1000FEA85 /* en */ = {isa = PBXFileReference; lastKnownFileType = file.xib; name = en; path = en.lproj/ViewController_iPhone.xib; sourceTree = "<group>"; };
		FA1896FE151264F1000FEA85 /* en */ = {isa = PBXFileReference; lastKnownFileType = file.xib; name = en; path = en.lproj/ViewController_iPad.xib; sourceTree = "<group>"; };
		FA1897051512667D000FEA85 /* DisplayViewController.h */ = {isa = PBXFileReference; fileEncoding = 4; lastKnownFileType = sourcecode.c.h; path = DisplayViewController.h; sourceTree = "<group>"; };
		FA1897061512667D000FEA85 /* DisplayViewController.m */ = {isa = PBXFileReference; fileEncoding = 4; lastKnownFileType = sourcecode.c.objc; path = DisplayViewController.m; sourceTree = "<group>"; };
		FA1897071512667D000FEA85 /* DisplayViewController.xib */ = {isa = PBXFileReference; fileEncoding = 4; lastKnownFileType = file.xib; path = DisplayViewController.xib; sourceTree = "<group>"; };
		FA18975B1513D1D1000FEA85 /* DisplayViewForiPad.xib */ = {isa = PBXFileReference; fileEncoding = 4; lastKnownFileType = file.xib; path = DisplayViewForiPad.xib; sourceTree = "<group>"; };
		FA9100741517DFF400B424E0 /* icon.png */ = {isa = PBXFileReference; lastKnownFileType = image.png; name = icon.png; path = imagesForiPhone/icon.png; sourceTree = "<group>"; };
		FA9100751517DFF400B424E0 /* splash.jpg */ = {isa = PBXFileReference; lastKnownFileType = image.jpeg; name = splash.jpg; path = imagesForiPhone/splash.jpg; sourceTree = "<group>"; };
		FA9100761517DFF400B424E0 /* theSecret.png */ = {isa = PBXFileReference; lastKnownFileType = image.png; name = theSecret.png; path = imagesForiPhone/theSecret.png; sourceTree = "<group>"; };
		FA91007F1518D42E00B424E0 /* iconForiPhone.jpg */ = {isa = PBXFileReference; lastKnownFileType = image.jpeg; name = iconForiPhone.jpg; path = imagesForiPhone/iconForiPhone.jpg; sourceTree = "<group>"; };
/* End PBXFileReference section */

/* Begin PBXFrameworksBuildPhase section */
		FA1896DE151264F1000FEA85 /* Frameworks */ = {
			isa = PBXFrameworksBuildPhase;
			buildActionMask = 2147483647;
			files = (
				FA1896E6151264F1000FEA85 /* UIKit.framework in Frameworks */,
				FA1896E8151264F1000FEA85 /* Foundation.framework in Frameworks */,
				FA1896EA151264F1000FEA85 /* CoreGraphics.framework in Frameworks */,
			);
			runOnlyForDeploymentPostprocessing = 0;
		};
/* End PBXFrameworksBuildPhase section */

/* Begin PBXGroup section */
		FA1896D6151264F1000FEA85 = {
			isa = PBXGroup;
			children = (
				FA9100721517DFC200B424E0 /* imagesForiPhone */,
				FA18970A1512699D000FEA85 /* images */,
				FA1896EB151264F1000FEA85 /* LocalNotificationTestApp */,
				FA1896E4151264F1000FEA85 /* Frameworks */,
				FA1896E2151264F1000FEA85 /* Products */,
			);
			sourceTree = "<group>";
		};
		FA1896E2151264F1000FEA85 /* Products */ = {
			isa = PBXGroup;
			children = (
				FA1896E1151264F1000FEA85 /* LocalNotificationTestApp.app */,
			);
			name = Products;
			sourceTree = "<group>";
		};
		FA1896E4151264F1000FEA85 /* Frameworks */ = {
			isa = PBXGroup;
			children = (
				FA1896E5151264F1000FEA85 /* UIKit.framework */,
				FA1896E7151264F1000FEA85 /* Foundation.framework */,
				FA1896E9151264F1000FEA85 /* CoreGraphics.framework */,
			);
			name = Frameworks;
			sourceTree = "<group>";
		};
		FA1896EB151264F1000FEA85 /* LocalNotificationTestApp */ = {
			isa = PBXGroup;
			children = (
				FA1896F4151264F1000FEA85 /* AppDelegate.h */,
				FA1896F5151264F1000FEA85 /* AppDelegate.m */,
				FA1896F7151264F1000FEA85 /* ViewController.h */,
				FA1896F8151264F1000FEA85 /* ViewController.m */,
				FA1896FA151264F1000FEA85 /* ViewController_iPhone.xib */,
				FA1897051512667D000FEA85 /* DisplayViewController.h */,
				FA1897061512667D000FEA85 /* DisplayViewController.m */,
				FA18975B1513D1D1000FEA85 /* DisplayViewForiPad.xib */,
				FA1897071512667D000FEA85 /* DisplayViewController.xib */,
				FA1896FD151264F1000FEA85 /* ViewController_iPad.xib */,
				FA1896EC151264F1000FEA85 /* Supporting Files */,
			);
			path = LocalNotificationTestApp;
			sourceTree = "<group>";
		};
		FA1896EC151264F1000FEA85 /* Supporting Files */ = {
			isa = PBXGroup;
			children = (
				FA1896ED151264F1000FEA85 /* LocalNotificationTestApp-Info.plist */,
				FA1896EE151264F1000FEA85 /* InfoPlist.strings */,
				FA1896F1151264F1000FEA85 /* main.m */,
				FA1896F3151264F1000FEA85 /* LocalNotificationTestApp-Prefix.pch */,
			);
			name = "Supporting Files";
			sourceTree = "<group>";
		};
		FA18970A1512699D000FEA85 /* images */ = {
			isa = PBXGroup;
			children = (
			);
			name = images;
			sourceTree = "<group>";
		};
		FA9100721517DFC200B424E0 /* imagesForiPhone */ = {
			isa = PBXGroup;
			children = (
				FA91007F1518D42E00B424E0 /* iconForiPhone.jpg */,
				FA9100741517DFF400B424E0 /* icon.png */,
				FA9100751517DFF400B424E0 /* splash.jpg */,
				FA9100761517DFF400B424E0 /* theSecret.png */,
			);
			name = imagesForiPhone;
			sourceTree = "<group>";
		};
/* End PBXGroup section */

/* Begin PBXNativeTarget section */
		FA1896E0151264F1000FEA85 /* LocalNotificationTestApp */ = {
			isa = PBXNativeTarget;
			buildConfigurationList = FA189702151264F1000FEA85 /* Build configuration list for PBXNativeTarget "LocalNotificationTestApp" */;
			buildPhases = (
				FA1896DD151264F1000FEA85 /* Sources */,
				FA1896DE151264F1000FEA85 /* Frameworks */,
				FA1896DF151264F1000FEA85 /* Resources */,
			);
			buildRules = (
			);
			dependencies = (
			);
			name = LocalNotificationTestApp;
			productName = LocalNotificationTestApp;
			productReference = FA1896E1151264F1000FEA85 /* LocalNotificationTestApp.app */;
			productType = "com.apple.product-type.application";
		};
/* End PBXNativeTarget section */

/* Begin PBXProject section */
		FA1896D8151264F1000FEA85 /* Project object */ = {
			isa = PBXProject;
			attributes = {
				LastUpgradeCheck = 0420;
				ORGANIZATIONNAME = Compuware;
			};
			buildConfigurationList = FA1896DB151264F1000FEA85 /* Build configuration list for PBXProject "LocalNotificationTestApp" */;
			compatibilityVersion = "Xcode 3.2";
			developmentRegion = English;
			hasScannedForEncodings = 0;
			knownRegions = (
				en,
			);
			mainGroup = FA1896D6151264F1000FEA85;
			productRefGroup = FA1896E2151264F1000FEA85 /* Products */;
			projectDirPath = "";
			projectRoot = "";
			targets = (
				FA1896E0151264F1000FEA85 /* LocalNotificationTestApp */,
			);
		};
/* End PBXProject section */

/* Begin PBXResourcesBuildPhase section */
		FA1896DF151264F1000FEA85 /* Resources */ = {
			isa = PBXResourcesBuildPhase;
			buildActionMask = 2147483647;
			files = (
				FA1896F0151264F1000FEA85 /* InfoPlist.strings in Resources */,
				FA1896FC151264F1000FEA85 /* ViewController_iPhone.xib in Resources */,
				FA1896FF151264F1000FEA85 /* ViewController_iPad.xib in Resources */,
				FA1897091512667D000FEA85 /* DisplayViewController.xib in Resources */,
				FA18975C1513D1D1000FEA85 /* DisplayViewForiPad.xib in Resources */,
				FA9100771517DFF400B424E0 /* icon.png in Resources */,
				FA9100781517DFF400B424E0 /* splash.jpg in Resources */,
				FA9100791517DFF400B424E0 /* theSecret.png in Resources */,
				FA9100801518D42E00B424E0 /* iconForiPhone.jpg in Resources */,
			);
			runOnlyForDeploymentPostprocessing = 0;
		};
/* End PBXResourcesBuildPhase section */

/* Begin PBXSourcesBuildPhase section */
		FA1896DD151264F1000FEA85 /* Sources */ = {
			isa = PBXSourcesBuildPhase;
			buildActionMask = 2147483647;
			files = (
				FA1896F2151264F1000FEA85 /* main.m in Sources */,
				FA1896F6151264F1000FEA85 /* AppDelegate.m in Sources */,
				FA1896F9151264F1000FEA85 /* ViewController.m in Sources */,
				FA1897081512667D000FEA85 /* DisplayViewController.m in Sources */,
			);
			runOnlyForDeploymentPostprocessing = 0;
		};
/* End PBXSourcesBuildPhase section */

/* Begin PBXVariantGroup section */
		FA1896EE151264F1000FEA85 /* InfoPlist.strings */ = {
			isa = PBXVariantGroup;
			children = (
				FA1896EF151264F1000FEA85 /* en */,
			);
			name = InfoPlist.strings;
			sourceTree = "<group>";
		};
		FA1896FA151264F1000FEA85 /* ViewController_iPhone.xib */ = {
			isa = PBXVariantGroup;
			children = (
				FA1896FB151264F1000FEA85 /* en */,
			);
			name = ViewController_iPhone.xib;
			sourceTree = "<group>";
		};
		FA1896FD151264F1000FEA85 /* ViewController_iPad.xib */ = {
			isa = PBXVariantGroup;
			children = (
				FA1896FE151264F1000FEA85 /* en */,
			);
			name = ViewController_iPad.xib;
			sourceTree = "<group>";
		};
/* End PBXVariantGroup section */

/* Begin XCBuildConfiguration section */
		FA189700151264F1000FEA85 /* Debug */ = {
			isa = XCBuildConfiguration;
			buildSettings = {
				ALWAYS_SEARCH_USER_PATHS = NO;
				ARCHS = "$(ARCHS_STANDARD_32_BIT)";
				CLANG_ENABLE_OBJC_ARC = YES;
				CODE_SIGN_IDENTITY = "iPhone Developer: Mohit Jain (8GS62P5N2A)";
				"CODE_SIGN_IDENTITY[sdk=iphoneos*]" = "iPhone Developer";
				COPY_PHASE_STRIP = NO;
				GCC_C_LANGUAGE_STANDARD = gnu99;
				GCC_DYNAMIC_NO_PIC = NO;
				GCC_OPTIMIZATION_LEVEL = 0;
				GCC_PREPROCESSOR_DEFINITIONS = (
					"DEBUG=1",
					"$(inherited)",
				);
				GCC_SYMBOLS_PRIVATE_EXTERN = NO;
				GCC_VERSION = com.apple.compilers.llvm.clang.1_0;
				GCC_WARN_ABOUT_MISSING_PROTOTYPES = YES;
				GCC_WARN_ABOUT_RETURN_TYPE = YES;
				GCC_WARN_UNUSED_VARIABLE = YES;
				IPHONEOS_DEPLOYMENT_TARGET = 5.0;
				PROVISIONING_PROFILE = "B9F1B1E2-B2D1-418B-870C-FAE4159DD780";
				SDKROOT = iphoneos;
				TARGETED_DEVICE_FAMILY = "1,2";
			};
			name = Debug;
		};
		FA189701151264F1000FEA85 /* Release */ = {
			isa = XCBuildConfiguration;
			buildSettings = {
				ALWAYS_SEARCH_USER_PATHS = NO;
				ARCHS = "$(ARCHS_STANDARD_32_BIT)";
				CLANG_ENABLE_OBJC_ARC = YES;
				CODE_SIGN_IDENTITY = "iPhone Developer: Mohit Jain (8GS62P5N2A)";
				"CODE_SIGN_IDENTITY[sdk=iphoneos*]" = "iPhone Developer";
				COPY_PHASE_STRIP = YES;
				GCC_C_LANGUAGE_STANDARD = gnu99;
				GCC_VERSION = com.apple.compilers.llvm.clang.1_0;
				GCC_WARN_ABOUT_MISSING_PROTOTYPES = YES;
				GCC_WARN_ABOUT_RETURN_TYPE = YES;
				GCC_WARN_UNUSED_VARIABLE = YES;
				IPHONEOS_DEPLOYMENT_TARGET = 5.0;
				OTHER_CFLAGS = "-DNS_BLOCK_ASSERTIONS=1";
				PROVISIONING_PROFILE = "B9F1B1E2-B2D1-418B-870C-FAE4159DD780";
				SDKROOT = iphoneos;
				TARGETED_DEVICE_FAMILY = "1,2";
				VALIDATE_PRODUCT = YES;
			};
			name = Release;
		};
		FA189703151264F1000FEA85 /* Debug */ = {
			isa = XCBuildConfiguration;
			buildSettings = {
				GCC_PRECOMPILE_PREFIX_HEADER = YES;
				GCC_PREFIX_HEADER = "LocalNotificationTestApp/LocalNotificationTestApp-Prefix.pch";
				INFOPLIST_FILE = "LocalNotificationTestApp/LocalNotificationTestApp-Info.plist";
				PRODUCT_NAME = "$(TARGET_NAME)";
				WRAPPER_EXTENSION = app;
			};
			name = Debug;
		};
		FA189704151264F1000FEA85 /* Release */ = {
			isa = XCBuildConfiguration;
			buildSettings = {
				GCC_PRECOMPILE_PREFIX_HEADER = YES;
				GCC_PREFIX_HEADER = "LocalNotificationTestApp/LocalNotificationTestApp-Prefix.pch";
				INFOPLIST_FILE = "LocalNotificationTestApp/LocalNotificationTestApp-Info.plist";
				PRODUCT_NAME = "$(TARGET_NAME)";
				WRAPPER_EXTENSION = app;
			};
			name = Release;
		};
/* End XCBuildConfiguration section */

/* Begin XCConfigurationList section */
		FA1896DB151264F1000FEA85 /* Build configuration list for PBXProject "LocalNotificationTestApp" */ = {
			isa = XCConfigurationList;
			buildConfigurations = (
				FA189700151264F1000FEA85 /* Debug */,
				FA189701151264F1000FEA85 /* Release */,
			);
			defaultConfigurationIsVisible = 0;
			defaultConfigurationName = Release;
		};
		FA189702151264F1000FEA85 /* Build configuration list for PBXNativeTarget "LocalNotificationTestApp" */ = {
			isa = XCConfigurationList;
			buildConfigurations = (
				FA189703151264F1000FEA85 /* Debug */,
				FA189704151264F1000FEA85 /* Release */,
			);
			defaultConfigurationIsVisible = 0;
			defaultConfigurationName = Release;
		};
/* End XCConfigurationList section */
	};
	rootObject = FA1896D8151264F1000FEA85 /* Project object */;
}
